
Microsoft Visual Studio Solution File, Format Version 12.00
# Visual Studio Version 16
VisualStudioVersion = 16.0.29911.84
MinimumVisualStudioVersion = 10.0.40219.1
Project("{9A19103F-16F7-4668-BE54-9A1E7A4F7556}") = "CRM.API", "CRM.API\CRM.API.csproj", "{05E42676-3B09-4476-BD24-B0965468F144}"
EndProject
Project("{9A19103F-16F7-4668-BE54-9A1E7A4F7556}") = "CRM.Data", "CRM.Data\CRM.Data.csproj", "{A1873506-799E-41BE-8245-B64A37F1EDBC}"
EndProject
Project("{00D1A9C2-B5F0-4AF3-8072-F6C62B433612}") = "CRM.Database", "CRM.Database\CRM.Database.sqlproj", "{CF2BFE9D-7252-4396-AF3C-367C47615AED}"
EndProject
Project("{FAE04EC0-301F-11D3-BF4B-00C04F79EFBC}") = "CRM.Core", "CRM.Core\CRM.Core.csproj", "{2415D202-1CDC-448F-9C2B-1BAEB0D7D93D}"
EndProject
Global
	GlobalSection(SolutionConfigurationPlatforms) = preSolution
		Debug|Any CPU = Debug|Any CPU
		Release|Any CPU = Release|Any CPU
	EndGlobalSection
	GlobalSection(ProjectConfigurationPlatforms) = postSolution
		{05E42676-3B09-4476-BD24-B0965468F144}.Debug|Any CPU.ActiveCfg = Debug|Any CPU
		{05E42676-3B09-4476-BD24-B0965468F144}.Debug|Any CPU.Build.0 = Debug|Any CPU
		{05E42676-3B09-4476-BD24-B0965468F144}.Release|Any CPU.ActiveCfg = Release|Any CPU
		{05E42676-3B09-4476-BD24-B0965468F144}.Release|Any CPU.Build.0 = Release|Any CPU
		{A1873506-799E-41BE-8245-B64A37F1EDBC}.Debug|Any CPU.ActiveCfg = Debug|Any CPU
		{A1873506-799E-41BE-8245-B64A37F1EDBC}.Debug|Any CPU.Build.0 = Debug|Any CPU
		{A1873506-799E-41BE-8245-B64A37F1EDBC}.Release|Any CPU.ActiveCfg = Release|Any CPU
		{A1873506-799E-41BE-8245-B64A37F1EDBC}.Release|Any CPU.Build.0 = Release|Any CPU
		{CF2BFE9D-7252-4396-AF3C-367C47615AED}.Debug|Any CPU.ActiveCfg = Debug|Any CPU
		{CF2BFE9D-7252-4396-AF3C-367C47615AED}.Debug|Any CPU.Build.0 = Debug|Any CPU
		{CF2BFE9D-7252-4396-AF3C-367C47615AED}.Debug|Any CPU.Deploy.0 = Debug|Any CPU
		{CF2BFE9D-7252-4396-AF3C-367C47615AED}.Release|Any CPU.ActiveCfg = Release|Any CPU
		{CF2BFE9D-7252-4396-AF3C-367C47615AED}.Release|Any CPU.Build.0 = Release|Any CPU
		{CF2BFE9D-7252-4396-AF3C-367C47615AED}.Release|Any CPU.Deploy.0 = Release|Any CPU
		{2415D202-1CDC-448F-9C2B-1BAEB0D7D93D}.Debug|Any CPU.ActiveCfg = Debug|Any CPU
		{2415D202-1CDC-448F-9C2B-1BAEB0D7D93D}.Debug|Any CPU.Build.0 = Debug|Any CPU
		{2415D202-1CDC-448F-9C2B-1BAEB0D7D93D}.Release|Any CPU.ActiveCfg = Release|Any CPU
		{2415D202-1CDC-448F-9C2B-1BAEB0D7D93D}.Release|Any CPU.Build.0 = Release|Any CPU
	EndGlobalSection
	GlobalSection(SolutionProperties) = preSolution
		HideSolutionNode = FALSE
	EndGlobalSection
	GlobalSection(ExtensibilityGlobals) = postSolution
		SolutionGuid = {9EC409E2-BE7E-4761-98F3-B2D248A4993E}
	EndGlobalSection
EndGlobal
